
Microsoft Visual Studio Solution File, Format Version 12.00
# Visual Studio Version 17
VisualStudioVersion = 17.3.32825.248
MinimumVisualStudioVersion = 10.0.40219.1
Project("{FAE04EC0-301F-11D3-BF4B-00C04F79EFBC}") = "RETAIL POINT NET6", "RETAIL POINT NET6\RETAIL POINT NET6.csproj", "{A81E3B71-0442-40F9-89AF-4BC4EA9D7BC0}"
EndProject
Global
	GlobalSection(SolutionConfigurationPlatforms) = preSolution
		Debug|Any CPU = Debug|Any CPU
		Release|Any CPU = Release|Any CPU
	EndGlobalSection
	GlobalSection(ProjectConfigurationPlatforms) = postSolution
		{A81E3B71-0442-40F9-89AF-4BC4EA9D7BC0}.Debug|Any CPU.ActiveCfg = Debug|Any CPU
		{A81E3B71-0442-40F9-89AF-4BC4EA9D7BC0}.Debug|Any CPU.Build.0 = Debug|Any CPU
		{A81E3B71-0442-40F9-89AF-4BC4EA9D7BC0}.Release|Any CPU.ActiveCfg = Release|Any CPU
		{A81E3B71-0442-40F9-89AF-4BC4EA9D7BC0}.Release|Any CPU.Build.0 = Release|Any CPU
	EndGlobalSection
	GlobalSection(SolutionProperties) = preSolution
		HideSolutionNode = FALSE
	EndGlobalSection
	GlobalSection(ExtensibilityGlobals) = postSolution
		SolutionGuid = {697D9220-EE80-4254-8508-E05BCAC98DF3}
	EndGlobalSection
EndGlobal
